{
  "name": "prepros-project",
  "version": "1.0.0",
  "lockfileVersion": 1,
  "requires": true,
  "dependencies": {
    "minireset.css": {
      "version": "0.0.7",
      "resolved": "https://registry.npmjs.org/minireset.css/-/minireset.css-0.0.7.tgz",
      "integrity": "sha512-raWKK2aHP/MI4Yu72dU6hade1YFuoyDQtSUi/FiIZfeRHjgL81uN/nFvG2aoAr+mseRc3jpg47jQqx1/+6w+kQ=="
    }
  }
}
